
Microsoft Visual Studio Solution File, Format Version 12.00
# Visual Studio Version 17
VisualStudioVersion = 17.13.35919.96
MinimumVisualStudioVersion = 10.0.40219.1
Project("{8BC9CEB8-8B4A-11D0-8D11-00A0C91BC942}") = "HelloWorld", "HelloWorld\HelloWorld.vcxproj", "{2D6A4AF9-13C5-4447-A273-EE6D6BC06F7C}"
EndProject
Project("{8BC9CEB8-8B4A-11D0-8D11-00A0C91BC942}") = "DataTypes", "DataTypes\DataTypes.vcxproj", "{9BD44539-0AD9-4285-AD34-6C05303FB5EF}"
EndProject
Project("{8BC9CEB8-8B4A-11D0-8D11-00A0C91BC942}") = "UserDataTypes", "UserDataTypes\UserDataTypes.vcxproj", "{66F56C70-AE99-4EE5-B0F8-DB2C36C1C27E}"
EndProject
Project("{8BC9CEB8-8B4A-11D0-8D11-00A0C91BC942}") = "MadLibJavaToC++", "MadLibJavaToC++\MadLibJavaToC++.vcxproj", "{5964C1CF-A634-4155-AB54-98DDFFBA18DC}"
EndProject
Project("{8BC9CEB8-8B4A-11D0-8D11-00A0C91BC942}") = "Containers", "Containers\Containers.vcxproj", "{E73901A0-615D-4CA4-9F8C-05D0A2C96270}"
EndProject
Project("{8BC9CEB8-8B4A-11D0-8D11-00A0C91BC942}") = "containers_exercise", "containers_exercise\containers_exercise.vcxproj", "{15B83D20-D0D8-4401-9240-F0DFDA7D13BA}"
EndProject
Project("{8BC9CEB8-8B4A-11D0-8D11-00A0C91BC942}") = "Pointers", "Pointers\Pointers.vcxproj", "{649DCE5F-429F-4D69-BB5D-81AD10D37876}"
EndProject
Project("{8BC9CEB8-8B4A-11D0-8D11-00A0C91BC942}") = "References", "References\References.vcxproj", "{C0100564-A037-4D63-AF31-7EC39D7047B2}"
EndProject
Project("{8BC9CEB8-8B4A-11D0-8D11-00A0C91BC942}") = "MemoryReview", "MemoryReview\MemoryReview.vcxproj", "{1CCFDEAC-0D23-4975-BF7B-236D2C8E9039}"
EndProject
Project("{8BC9CEB8-8B4A-11D0-8D11-00A0C91BC942}") = "OOP", "OOP\OOP.vcxproj", "{328F3AA9-0DD5-478F-83F3-A06C5D6F433E}"
EndProject
Project("{8BC9CEB8-8B4A-11D0-8D11-00A0C91BC942}") = "Classes", "Classes\Classes.vcxproj", "{96B1E993-E28E-4A6D-9AE7-5F140BCCA8BF}"
EndProject
Project("{8BC9CEB8-8B4A-11D0-8D11-00A0C91BC942}") = "SmartPointers", "SmartPointers\SmartPointers.vcxproj", "{19EC8D6E-9D97-40E3-AC37-6260E63A623A}"
EndProject
Project("{8BC9CEB8-8B4A-11D0-8D11-00A0C91BC942}") = "Fail!", "Fail!\Fail!.vcxproj", "{7C67F64F-3097-4E63-9F51-25DFCDB47C2C}"
EndProject
Global
	GlobalSection(SolutionConfigurationPlatforms) = preSolution
		Debug|x64 = Debug|x64
		Debug|x86 = Debug|x86
		Release|x64 = Release|x64
		Release|x86 = Release|x86
	EndGlobalSection
	GlobalSection(ProjectConfigurationPlatforms) = postSolution
		{2D6A4AF9-13C5-4447-A273-EE6D6BC06F7C}.Debug|x64.ActiveCfg = Debug|x64
		{2D6A4AF9-13C5-4447-A273-EE6D6BC06F7C}.Debug|x64.Build.0 = Debug|x64
		{2D6A4AF9-13C5-4447-A273-EE6D6BC06F7C}.Debug|x86.ActiveCfg = Debug|Win32
		{2D6A4AF9-13C5-4447-A273-EE6D6BC06F7C}.Debug|x86.Build.0 = Debug|Win32
		{2D6A4AF9-13C5-4447-A273-EE6D6BC06F7C}.Release|x64.ActiveCfg = Release|x64
		{2D6A4AF9-13C5-4447-A273-EE6D6BC06F7C}.Release|x64.Build.0 = Release|x64
		{2D6A4AF9-13C5-4447-A273-EE6D6BC06F7C}.Release|x86.ActiveCfg = Release|Win32
		{2D6A4AF9-13C5-4447-A273-EE6D6BC06F7C}.Release|x86.Build.0 = Release|Win32
		{9BD44539-0AD9-4285-AD34-6C05303FB5EF}.Debug|x64.ActiveCfg = Debug|x64
		{9BD44539-0AD9-4285-AD34-6C05303FB5EF}.Debug|x64.Build.0 = Debug|x64
		{9BD44539-0AD9-4285-AD34-6C05303FB5EF}.Debug|x86.ActiveCfg = Debug|Win32
		{9BD44539-0AD9-4285-AD34-6C05303FB5EF}.Debug|x86.Build.0 = Debug|Win32
		{9BD44539-0AD9-4285-AD34-6C05303FB5EF}.Release|x64.ActiveCfg = Release|x64
		{9BD44539-0AD9-4285-AD34-6C05303FB5EF}.Release|x64.Build.0 = Release|x64
		{9BD44539-0AD9-4285-AD34-6C05303FB5EF}.Release|x86.ActiveCfg = Release|Win32
		{9BD44539-0AD9-4285-AD34-6C05303FB5EF}.Release|x86.Build.0 = Release|Win32
		{66F56C70-AE99-4EE5-B0F8-DB2C36C1C27E}.Debug|x64.ActiveCfg = Debug|x64
		{66F56C70-AE99-4EE5-B0F8-DB2C36C1C27E}.Debug|x64.Build.0 = Debug|x64
		{66F56C70-AE99-4EE5-B0F8-DB2C36C1C27E}.Debug|x86.ActiveCfg = Debug|Win32
		{66F56C70-AE99-4EE5-B0F8-DB2C36C1C27E}.Debug|x86.Build.0 = Debug|Win32
		{66F56C70-AE99-4EE5-B0F8-DB2C36C1C27E}.Release|x64.ActiveCfg = Release|x64
		{66F56C70-AE99-4EE5-B0F8-DB2C36C1C27E}.Release|x64.Build.0 = Release|x64
		{66F56C70-AE99-4EE5-B0F8-DB2C36C1C27E}.Release|x86.ActiveCfg = Release|Win32
		{66F56C70-AE99-4EE5-B0F8-DB2C36C1C27E}.Release|x86.Build.0 = Release|Win32
		{5964C1CF-A634-4155-AB54-98DDFFBA18DC}.Debug|x64.ActiveCfg = Debug|x64
		{5964C1CF-A634-4155-AB54-98DDFFBA18DC}.Debug|x64.Build.0 = Debug|x64
		{5964C1CF-A634-4155-AB54-98DDFFBA18DC}.Debug|x86.ActiveCfg = Debug|Win32
		{5964C1CF-A634-4155-AB54-98DDFFBA18DC}.Debug|x86.Build.0 = Debug|Win32
		{5964C1CF-A634-4155-AB54-98DDFFBA18DC}.Release|x64.ActiveCfg = Release|x64
		{5964C1CF-A634-4155-AB54-98DDFFBA18DC}.Release|x64.Build.0 = Release|x64
		{5964C1CF-A634-4155-AB54-98DDFFBA18DC}.Release|x86.ActiveCfg = Release|Win32
		{5964C1CF-A634-4155-AB54-98DDFFBA18DC}.Release|x86.Build.0 = Release|Win32
		{E73901A0-615D-4CA4-9F8C-05D0A2C96270}.Debug|x64.ActiveCfg = Debug|x64
		{E73901A0-615D-4CA4-9F8C-05D0A2C96270}.Debug|x64.Build.0 = Debug|x64
		{E73901A0-615D-4CA4-9F8C-05D0A2C96270}.Debug|x86.ActiveCfg = Debug|Win32
		{E73901A0-615D-4CA4-9F8C-05D0A2C96270}.Debug|x86.Build.0 = Debug|Win32
		{E73901A0-615D-4CA4-9F8C-05D0A2C96270}.Release|x64.ActiveCfg = Release|x64
		{E73901A0-615D-4CA4-9F8C-05D0A2C96270}.Release|x64.Build.0 = Release|x64
		{E73901A0-615D-4CA4-9F8C-05D0A2C96270}.Release|x86.ActiveCfg = Release|Win32
		{E73901A0-615D-4CA4-9F8C-05D0A2C96270}.Release|x86.Build.0 = Release|Win32
		{15B83D20-D0D8-4401-9240-F0DFDA7D13BA}.Debug|x64.ActiveCfg = Debug|x64
		{15B83D20-D0D8-4401-9240-F0DFDA7D13BA}.Debug|x64.Build.0 = Debug|x64
		{15B83D20-D0D8-4401-9240-F0DFDA7D13BA}.Debug|x86.ActiveCfg = Debug|Win32
		{15B83D20-D0D8-4401-9240-F0DFDA7D13BA}.Debug|x86.Build.0 = Debug|Win32
		{15B83D20-D0D8-4401-9240-F0DFDA7D13BA}.Release|x64.ActiveCfg = Release|x64
		{15B83D20-D0D8-4401-9240-F0DFDA7D13BA}.Release|x64.Build.0 = Release|x64
		{15B83D20-D0D8-4401-9240-F0DFDA7D13BA}.Release|x86.ActiveCfg = Release|Win32
		{15B83D20-D0D8-4401-9240-F0DFDA7D13BA}.Release|x86.Build.0 = Release|Win32
		{649DCE5F-429F-4D69-BB5D-81AD10D37876}.Debug|x64.ActiveCfg = Debug|x64
		{649DCE5F-429F-4D69-BB5D-81AD10D37876}.Debug|x64.Build.0 = Debug|x64
		{649DCE5F-429F-4D69-BB5D-81AD10D37876}.Debug|x86.ActiveCfg = Debug|Win32
		{649DCE5F-429F-4D69-BB5D-81AD10D37876}.Debug|x86.Build.0 = Debug|Win32
		{649DCE5F-429F-4D69-BB5D-81AD10D37876}.Release|x64.ActiveCfg = Release|x64
		{649DCE5F-429F-4D69-BB5D-81AD10D37876}.Release|x64.Build.0 = Release|x64
		{649DCE5F-429F-4D69-BB5D-81AD10D37876}.Release|x86.ActiveCfg = Release|Win32
		{649DCE5F-429F-4D69-BB5D-81AD10D37876}.Release|x86.Build.0 = Release|Win32
		{C0100564-A037-4D63-AF31-7EC39D7047B2}.Debug|x64.ActiveCfg = Debug|x64
		{C0100564-A037-4D63-AF31-7EC39D7047B2}.Debug|x64.Build.0 = Debug|x64
		{C0100564-A037-4D63-AF31-7EC39D7047B2}.Debug|x86.ActiveCfg = Debug|Win32
		{C0100564-A037-4D63-AF31-7EC39D7047B2}.Debug|x86.Build.0 = Debug|Win32
		{C0100564-A037-4D63-AF31-7EC39D7047B2}.Release|x64.ActiveCfg = Release|x64
		{C0100564-A037-4D63-AF31-7EC39D7047B2}.Release|x64.Build.0 = Release|x64
		{C0100564-A037-4D63-AF31-7EC39D7047B2}.Release|x86.ActiveCfg = Release|Win32
		{C0100564-A037-4D63-AF31-7EC39D7047B2}.Release|x86.Build.0 = Release|Win32
		{1CCFDEAC-0D23-4975-BF7B-236D2C8E9039}.Debug|x64.ActiveCfg = Debug|x64
		{1CCFDEAC-0D23-4975-BF7B-236D2C8E9039}.Debug|x64.Build.0 = Debug|x64
		{1CCFDEAC-0D23-4975-BF7B-236D2C8E9039}.Debug|x86.ActiveCfg = Debug|Win32
		{1CCFDEAC-0D23-4975-BF7B-236D2C8E9039}.Debug|x86.Build.0 = Debug|Win32
		{1CCFDEAC-0D23-4975-BF7B-236D2C8E9039}.Release|x64.ActiveCfg = Release|x64
		{1CCFDEAC-0D23-4975-BF7B-236D2C8E9039}.Release|x64.Build.0 = Release|x64
		{1CCFDEAC-0D23-4975-BF7B-236D2C8E9039}.Release|x86.ActiveCfg = Release|Win32
		{1CCFDEAC-0D23-4975-BF7B-236D2C8E9039}.Release|x86.Build.0 = Release|Win32
		{328F3AA9-0DD5-478F-83F3-A06C5D6F433E}.Debug|x64.ActiveCfg = Debug|x64
		{328F3AA9-0DD5-478F-83F3-A06C5D6F433E}.Debug|x64.Build.0 = Debug|x64
		{328F3AA9-0DD5-478F-83F3-A06C5D6F433E}.Debug|x86.ActiveCfg = Debug|Win32
		{328F3AA9-0DD5-478F-83F3-A06C5D6F433E}.Debug|x86.Build.0 = Debug|Win32
		{328F3AA9-0DD5-478F-83F3-A06C5D6F433E}.Release|x64.ActiveCfg = Release|x64
		{328F3AA9-0DD5-478F-83F3-A06C5D6F433E}.Release|x64.Build.0 = Release|x64
		{328F3AA9-0DD5-478F-83F3-A06C5D6F433E}.Release|x86.ActiveCfg = Release|Win32
		{328F3AA9-0DD5-478F-83F3-A06C5D6F433E}.Release|x86.Build.0 = Release|Win32
		{96B1E993-E28E-4A6D-9AE7-5F140BCCA8BF}.Debug|x64.ActiveCfg = Debug|x64
		{96B1E993-E28E-4A6D-9AE7-5F140BCCA8BF}.Debug|x64.Build.0 = Debug|x64
		{96B1E993-E28E-4A6D-9AE7-5F140BCCA8BF}.Debug|x86.ActiveCfg = Debug|Win32
		{96B1E993-E28E-4A6D-9AE7-5F140BCCA8BF}.Debug|x86.Build.0 = Debug|Win32
		{96B1E993-E28E-4A6D-9AE7-5F140BCCA8BF}.Release|x64.ActiveCfg = Release|x64
		{96B1E993-E28E-4A6D-9AE7-5F140BCCA8BF}.Release|x64.Build.0 = Release|x64
		{96B1E993-E28E-4A6D-9AE7-5F140BCCA8BF}.Release|x86.ActiveCfg = Release|Win32
		{96B1E993-E28E-4A6D-9AE7-5F140BCCA8BF}.Release|x86.Build.0 = Release|Win32
		{19EC8D6E-9D97-40E3-AC37-6260E63A623A}.Debug|x64.ActiveCfg = Debug|x64
		{19EC8D6E-9D97-40E3-AC37-6260E63A623A}.Debug|x64.Build.0 = Debug|x64
		{19EC8D6E-9D97-40E3-AC37-6260E63A623A}.Debug|x86.ActiveCfg = Debug|Win32
		{19EC8D6E-9D97-40E3-AC37-6260E63A623A}.Debug|x86.Build.0 = Debug|Win32
		{19EC8D6E-9D97-40E3-AC37-6260E63A623A}.Release|x64.ActiveCfg = Release|x64
		{19EC8D6E-9D97-40E3-AC37-6260E63A623A}.Release|x64.Build.0 = Release|x64
		{19EC8D6E-9D97-40E3-AC37-6260E63A623A}.Release|x86.ActiveCfg = Release|Win32
		{19EC8D6E-9D97-40E3-AC37-6260E63A623A}.Release|x86.Build.0 = Release|Win32
		{7C67F64F-3097-4E63-9F51-25DFCDB47C2C}.Debug|x64.ActiveCfg = Debug|x64
		{7C67F64F-3097-4E63-9F51-25DFCDB47C2C}.Debug|x64.Build.0 = Debug|x64
		{7C67F64F-3097-4E63-9F51-25DFCDB47C2C}.Debug|x86.ActiveCfg = Debug|Win32
		{7C67F64F-3097-4E63-9F51-25DFCDB47C2C}.Debug|x86.Build.0 = Debug|Win32
		{7C67F64F-3097-4E63-9F51-25DFCDB47C2C}.Release|x64.ActiveCfg = Release|x64
		{7C67F64F-3097-4E63-9F51-25DFCDB47C2C}.Release|x64.Build.0 = Release|x64
		{7C67F64F-3097-4E63-9F51-25DFCDB47C2C}.Release|x86.ActiveCfg = Release|Win32
		{7C67F64F-3097-4E63-9F51-25DFCDB47C2C}.Release|x86.Build.0 = Release|Win32
	EndGlobalSection
	GlobalSection(SolutionProperties) = preSolution
		HideSolutionNode = FALSE
	EndGlobalSection
	GlobalSection(ExtensibilityGlobals) = postSolution
		SolutionGuid = {B9725B45-9001-411B-9BC9-C89D4DEA37E3}
	EndGlobalSection
EndGlobal
